// !$*UTF8*$!
{
	archiveVersion = 1;
	classes = {
	};
	objectVersion = 46;
	objects = {

/* Begin PBXBuildFile section */
		7F2C0B981EF030F700097443 /* StoryboardForTable.storyboard in Resources */ = {isa = PBXBuildFile; fileRef = 7F2C0B971EF030F700097443 /* StoryboardForTable.storyboard */; };
		7F2C0B9A1EF0313700097443 /* TableViewControllerForTable.swift in Sources */ = {isa = PBXBuildFile; fileRef = 7F2C0B991EF0313700097443 /* TableViewControllerForTable.swift */; };
		7F5198A61EE56E2F009D7229 /* AppDelegate.swift in Sources */ = {isa = PBXBuildFile; fileRef = 7F5198A51EE56E2F009D7229 /* AppDelegate.swift */; };
		7F5198AD1EE56E2F009D7229 /* Assets.xcassets in Resources */ = {isa = PBXBuildFile; fileRef = 7F5198AC1EE56E2F009D7229 /* Assets.xcassets */; };
		7F5198B81EE56EC5009D7229 /* EnterAndRegistration.storyboard in Resources */ = {isa = PBXBuildFile; fileRef = 7F5198B71EE56EC5009D7229 /* EnterAndRegistration.storyboard */; };
		7F5198BA1EE56F2F009D7229 /* EnterLoginViewController.swift in Sources */ = {isa = PBXBuildFile; fileRef = 7F5198B91EE56F2F009D7229 /* EnterLoginViewController.swift */; };
		7F5198BC1EE56F58009D7229 /* CreateLoginViewController.swift in Sources */ = {isa = PBXBuildFile; fileRef = 7F5198BB1EE56F58009D7229 /* CreateLoginViewController.swift */; };
		7F5198C01EE57C68009D7229 /* SupportingFile.swift in Sources */ = {isa = PBXBuildFile; fileRef = 7F5198BF1EE57C68009D7229 /* SupportingFile.swift */; };
		7F73CF2E1EEFDBAD007F0735 /* LaunchScreen.storyboard in Resources */ = {isa = PBXBuildFile; fileRef = 7F73CF2D1EEFDBAD007F0735 /* LaunchScreen.storyboard */; };
		7FC3928B1EF10FE0000916C4 /* HeaderViewCell.swift in Sources */ = {isa = PBXBuildFile; fileRef = 7FC3928A1EF10FE0000916C4 /* HeaderViewCell.swift */; };
		7FC3928D1EF12B40000916C4 /* PrototypViewCell.swift in Sources */ = {isa = PBXBuildFile; fileRef = 7FC3928C1EF12B40000916C4 /* PrototypViewCell.swift */; };
/* End PBXBuildFile section */

/* Begin PBXFileReference section */
		7F2C0B971EF030F700097443 /* StoryboardForTable.storyboard */ = {isa = PBXFileReference; fileEncoding = 4; lastKnownFileType = file.storyboard; path = StoryboardForTable.storyboard; sourceTree = "<group>"; };
		7F2C0B991EF0313700097443 /* TableViewControllerForTable.swift */ = {isa = PBXFileReference; fileEncoding = 4; lastKnownFileType = sourcecode.swift; path = TableViewControllerForTable.swift; sourceTree = "<group>"; };
		7F5198A21EE56E2F009D7229 /* LoginPassRegistration.app */ = {isa = PBXFileReference; explicitFileType = wrapper.application; includeInIndex = 0; path = LoginPassRegistration.app; sourceTree = BUILT_PRODUCTS_DIR; };
		7F5198A51EE56E2F009D7229 /* AppDelegate.swift */ = {isa = PBXFileReference; lastKnownFileType = sourcecode.swift; path = AppDelegate.swift; sourceTree = "<group>"; };
		7F5198AC1EE56E2F009D7229 /* Assets.xcassets */ = {isa = PBXFileReference; lastKnownFileType = folder.assetcatalog; path = Assets.xcassets; sourceTree = "<group>"; };
		7F5198B11EE56E2F009D7229 /* Info.plist */ = {isa = PBXFileReference; lastKnownFileType = text.plist.xml; path = Info.plist; sourceTree = "<group>"; };
		7F5198B71EE56EC5009D7229 /* EnterAndRegistration.storyboard */ = {isa = PBXFileReference; fileEncoding = 4; lastKnownFileType = file.storyboard; path = EnterAndRegistration.storyboard; sourceTree = "<group>"; };
		7F5198B91EE56F2F009D7229 /* EnterLoginViewController.swift */ = {isa = PBXFileReference; fileEncoding = 4; lastKnownFileType = sourcecode.swift; path = EnterLoginViewController.swift; sourceTree = "<group>"; };
		7F5198BB1EE56F58009D7229 /* CreateLoginViewController.swift */ = {isa = PBXFileReference; fileEncoding = 4; lastKnownFileType = sourcecode.swift; path = CreateLoginViewController.swift; sourceTree = "<group>"; };
		7F5198BF1EE57C68009D7229 /* SupportingFile.swift */ = {isa = PBXFileReference; fileEncoding = 4; lastKnownFileType = sourcecode.swift; path = SupportingFile.swift; sourceTree = "<group>"; };
		7F73CF2D1EEFDBAD007F0735 /* LaunchScreen.storyboard */ = {isa = PBXFileReference; fileEncoding = 4; lastKnownFileType = file.storyboard; path = LaunchScreen.storyboard; sourceTree = "<group>"; };
		7FC3928A1EF10FE0000916C4 /* HeaderViewCell.swift */ = {isa = PBXFileReference; fileEncoding = 4; lastKnownFileType = sourcecode.swift; path = HeaderViewCell.swift; sourceTree = "<group>"; };
		7FC3928C1EF12B40000916C4 /* PrototypViewCell.swift */ = {isa = PBXFileReference; fileEncoding = 4; lastKnownFileType = sourcecode.swift; path = PrototypViewCell.swift; sourceTree = "<group>"; };
/* End PBXFileReference section */

/* Begin PBXFrameworksBuildPhase section */
		7F51989F1EE56E2F009D7229 /* Frameworks */ = {
			isa = PBXFrameworksBuildPhase;
			buildActionMask = 2147483647;
			files = (
			);
			runOnlyForDeploymentPostprocessing = 0;
		};
/* End PBXFrameworksBuildPhase section */

/* Begin PBXGroup section */
		7F5198991EE56E2F009D7229 = {
			isa = PBXGroup;
			children = (
				7F5198A41EE56E2F009D7229 /* LoginPassRegistration */,
				7F5198A31EE56E2F009D7229 /* Products */,
			);
			sourceTree = "<group>";
		};
		7F5198A31EE56E2F009D7229 /* Products */ = {
			isa = PBXGroup;
			children = (
				7F5198A21EE56E2F009D7229 /* LoginPassRegistration.app */,
			);
			name = Products;
			sourceTree = "<group>";
		};
		7F5198A41EE56E2F009D7229 /* LoginPassRegistration */ = {
			isa = PBXGroup;
			children = (
				7F5198A51EE56E2F009D7229 /* AppDelegate.swift */,
				7F73CF331EEFE1B6007F0735 /* Classes */,
				7F73CF321EEFE193007F0735 /* ViewControllers */,
				7F73CF311EEFE15F007F0735 /* Storyboards */,
				7F5198AC1EE56E2F009D7229 /* Assets.xcassets */,
				7F5198B11EE56E2F009D7229 /* Info.plist */,
			);
			path = LoginPassRegistration;
			sourceTree = "<group>";
		};
		7F73CF311EEFE15F007F0735 /* Storyboards */ = {
			isa = PBXGroup;
			children = (
				7F73CF2D1EEFDBAD007F0735 /* LaunchScreen.storyboard */,
				7F5198B71EE56EC5009D7229 /* EnterAndRegistration.storyboard */,
				7F2C0B971EF030F700097443 /* StoryboardForTable.storyboard */,
			);
			name = Storyboards;
			sourceTree = "<group>";
		};
		7F73CF321EEFE193007F0735 /* ViewControllers */ = {
			isa = PBXGroup;
			children = (
				7F5198B91EE56F2F009D7229 /* EnterLoginViewController.swift */,
				7F5198BB1EE56F58009D7229 /* CreateLoginViewController.swift */,
				7F2C0B991EF0313700097443 /* TableViewControllerForTable.swift */,
				7FC3928A1EF10FE0000916C4 /* HeaderViewCell.swift */,
				7FC3928C1EF12B40000916C4 /* PrototypViewCell.swift */,
			);
			name = ViewControllers;
			sourceTree = "<group>";
		};
		7F73CF331EEFE1B6007F0735 /* Classes */ = {
			isa = PBXGroup;
			children = (
				7F5198BF1EE57C68009D7229 /* SupportingFile.swift */,
			);
			name = Classes;
			sourceTree = "<group>";
		};
/* End PBXGroup section */

/* Begin PBXNativeTarget section */
		7F5198A11EE56E2F009D7229 /* LoginPassRegistration */ = {
			isa = PBXNativeTarget;
			buildConfigurationList = 7F5198B41EE56E2F009D7229 /* Build configuration list for PBXNativeTarget "LoginPassRegistration" */;
			buildPhases = (
				7F51989E1EE56E2F009D7229 /* Sources */,
				7F51989F1EE56E2F009D7229 /* Frameworks */,
				7F5198A01EE56E2F009D7229 /* Resources */,
			);
			buildRules = (
			);
			dependencies = (
			);
			name = LoginPassRegistration;
			productName = LoginPassRegistration;
			productReference = 7F5198A21EE56E2F009D7229 /* LoginPassRegistration.app */;
			productType = "com.apple.product-type.application";
		};
/* End PBXNativeTarget section */

/* Begin PBXProject section */
		7F51989A1EE56E2F009D7229 /* Project object */ = {
			isa = PBXProject;
			attributes = {
				LastSwiftUpdateCheck = 0830;
				LastUpgradeCheck = 0830;
				ORGANIZATIONNAME = AlexanderYakovenko;
				TargetAttributes = {
					7F5198A11EE56E2F009D7229 = {
						CreatedOnToolsVersion = 8.3.2;
						ProvisioningStyle = Automatic;
					};
				};
			};
			buildConfigurationList = 7F51989D1EE56E2F009D7229 /* Build configuration list for PBXProject "LoginPassRegistration" */;
			compatibilityVersion = "Xcode 3.2";
			developmentRegion = English;
			hasScannedForEncodings = 0;
			knownRegions = (
				en,
				Base,
			);
			mainGroup = 7F5198991EE56E2F009D7229;
			productRefGroup = 7F5198A31EE56E2F009D7229 /* Products */;
			projectDirPath = "";
			projectRoot = "";
			targets = (
				7F5198A11EE56E2F009D7229 /* LoginPassRegistration */,
			);
		};
/* End PBXProject section */

/* Begin PBXResourcesBuildPhase section */
		7F5198A01EE56E2F009D7229 /* Resources */ = {
			isa = PBXResourcesBuildPhase;
			buildActionMask = 2147483647;
			files = (
				7F2C0B981EF030F700097443 /* StoryboardForTable.storyboard in Resources */,
				7F73CF2E1EEFDBAD007F0735 /* LaunchScreen.storyboard in Resources */,
				7F5198B81EE56EC5009D7229 /* EnterAndRegistration.storyboard in Resources */,
				7F5198AD1EE56E2F009D7229 /* Assets.xcassets in Resources */,
			);
			runOnlyForDeploymentPostprocessing = 0;
		};
/* End PBXResourcesBuildPhase section */

/* Begin PBXSourcesBuildPhase section */
		7F51989E1EE56E2F009D7229 /* Sources */ = {
			isa = PBXSourcesBuildPhase;
			buildActionMask = 2147483647;
			files = (
				7F5198A61EE56E2F009D7229 /* AppDelegate.swift in Sources */,
				7F2C0B9A1EF0313700097443 /* TableViewControllerForTable.swift in Sources */,
				7F5198BC1EE56F58009D7229 /* CreateLoginViewController.swift in Sources */,
				7FC3928D1EF12B40000916C4 /* PrototypViewCell.swift in Sources */,
				7FC3928B1EF10FE0000916C4 /* HeaderViewCell.swift in Sources */,
				7F5198C01EE57C68009D7229 /* SupportingFile.swift in Sources */,
				7F5198BA1EE56F2F009D7229 /* EnterLoginViewController.swift in Sources */,
			);
			runOnlyForDeploymentPostprocessing = 0;
		};
/* End PBXSourcesBuildPhase section */

/* Begin XCBuildConfiguration section */
		7F5198B21EE56E2F009D7229 /* Debug */ = {
			isa = XCBuildConfiguration;
			buildSettings = {
				ALWAYS_SEARCH_USER_PATHS = NO;
				CLANG_ANALYZER_NONNULL = YES;
				CLANG_ANALYZER_NUMBER_OBJECT_CONVERSION = YES_AGGRESSIVE;
				CLANG_CXX_LANGUAGE_STANDARD = "gnu++0x";
				CLANG_CXX_LIBRARY = "libc++";
				CLANG_ENABLE_MODULES = YES;
				CLANG_ENABLE_OBJC_ARC = YES;
				CLANG_WARN_BOOL_CONVERSION = YES;
				CLANG_WARN_CONSTANT_CONVERSION = YES;
				CLANG_WARN_DIRECT_OBJC_ISA_USAGE = YES_ERROR;
				CLANG_WARN_DOCUMENTATION_COMMENTS = YES;
				CLANG_WARN_EMPTY_BODY = YES;
				CLANG_WARN_ENUM_CONVERSION = YES;
				CLANG_WARN_INFINITE_RECURSION = YES;
				CLANG_WARN_INT_CONVERSION = YES;
				CLANG_WARN_OBJC_ROOT_CLASS = YES_ERROR;
				CLANG_WARN_SUSPICIOUS_MOVE = YES;
				CLANG_WARN_UNREACHABLE_CODE = YES;
				CLANG_WARN__DUPLICATE_METHOD_MATCH = YES;
				"CODE_SIGN_IDENTITY[sdk=iphoneos*]" = "iPhone Developer";
				COPY_PHASE_STRIP = NO;
				DEBUG_INFORMATION_FORMAT = dwarf;
				ENABLE_STRICT_OBJC_MSGSEND = YES;
				ENABLE_TESTABILITY = YES;
				GCC_C_LANGUAGE_STANDARD = gnu99;
				GCC_DYNAMIC_NO_PIC = NO;
				GCC_NO_COMMON_BLOCKS = YES;
				GCC_OPTIMIZATION_LEVEL = 0;
				GCC_PREPROCESSOR_DEFINITIONS = (
					"DEBUG=1",
					"$(inherited)",
				);
				GCC_WARN_64_TO_32_BIT_CONVERSION = YES;
				GCC_WARN_ABOUT_RETURN_TYPE = YES_ERROR;
				GCC_WARN_UNDECLARED_SELECTOR = YES;
				GCC_WARN_UNINITIALIZED_AUTOS = YES_AGGRESSIVE;
				GCC_WARN_UNUSED_FUNCTION = YES;
				GCC_WARN_UNUSED_VARIABLE = YES;
				IPHONEOS_DEPLOYMENT_TARGET = 10.3;
				MTL_ENABLE_DEBUG_INFO = YES;
				ONLY_ACTIVE_ARCH = YES;
				SDKROOT = iphoneos;
				SWIFT_ACTIVE_COMPILATION_CONDITIONS = DEBUG;
				SWIFT_OPTIMIZATION_LEVEL = "-Onone";
				TARGETED_DEVICE_FAMILY = "1,2";
			};
			name = Debug;
		};
		7F5198B31EE56E2F009D7229 /* Release */ = {
			isa = XCBuildConfiguration;
			buildSettings = {
				ALWAYS_SEARCH_USER_PATHS = NO;
				CLANG_ANALYZER_NONNULL = YES;
				CLANG_ANALYZER_NUMBER_OBJECT_CONVERSION = YES_AGGRESSIVE;
				CLANG_CXX_LANGUAGE_STANDARD = "gnu++0x";
				CLANG_CXX_LIBRARY = "libc++";
				CLANG_ENABLE_MODULES = YES;
				CLANG_ENABLE_OBJC_ARC = YES;
				CLANG_WARN_BOOL_CONVERSION = YES;
				CLANG_WARN_CONSTANT_CONVERSION = YES;
				CLANG_WARN_DIRECT_OBJC_ISA_USAGE = YES_ERROR;
				CLANG_WARN_DOCUMENTATION_COMMENTS = YES;
				CLANG_WARN_EMPTY_BODY = YES;
				CLANG_WARN_ENUM_CONVERSION = YES;
				CLANG_WARN_INFINITE_RECURSION = YES;
				CLANG_WARN_INT_CONVERSION = YES;
				CLANG_WARN_OBJC_ROOT_CLASS = YES_ERROR;
				CLANG_WARN_SUSPICIOUS_MOVE = YES;
				CLANG_WARN_UNREACHABLE_CODE = YES;
				CLANG_WARN__DUPLICATE_METHOD_MATCH = YES;
				"CODE_SIGN_IDENTITY[sdk=iphoneos*]" = "iPhone Developer";
				COPY_PHASE_STRIP = NO;
				DEBUG_INFORMATION_FORMAT = "dwarf-with-dsym";
				ENABLE_NS_ASSERTIONS = NO;
				ENABLE_STRICT_OBJC_MSGSEND = YES;
				GCC_C_LANGUAGE_STANDARD = gnu99;
				GCC_NO_COMMON_BLOCKS = YES;
				GCC_WARN_64_TO_32_BIT_CONVERSION = YES;
				GCC_WARN_ABOUT_RETURN_TYPE = YES_ERROR;
				GCC_WARN_UNDECLARED_SELECTOR = YES;
				GCC_WARN_UNINITIALIZED_AUTOS = YES_AGGRESSIVE;
				GCC_WARN_UNUSED_FUNCTION = YES;
				GCC_WARN_UNUSED_VARIABLE = YES;
				IPHONEOS_DEPLOYMENT_TARGET = 10.3;
				MTL_ENABLE_DEBUG_INFO = NO;
				SDKROOT = iphoneos;
				SWIFT_OPTIMIZATION_LEVEL = "-Owholemodule";
				TARGETED_DEVICE_FAMILY = "1,2";
				VALIDATE_PRODUCT = YES;
			};
			name = Release;
		};
		7F5198B51EE56E2F009D7229 /* Debug */ = {
			isa = XCBuildConfiguration;
			buildSettings = {
				INFOPLIST_FILE = LoginPassRegistration/Info.plist;
				LD_RUNPATH_SEARCH_PATHS = "$(inherited) @executable_path/Frameworks";
				PRODUCT_BUNDLE_IDENTIFIER = Alex.LoginPassRegistration;
				PRODUCT_NAME = "$(TARGET_NAME)";
				SWIFT_VERSION = 3.0;
			};
			name = Debug;
		};
		7F5198B61EE56E2F009D7229 /* Release */ = {
			isa = XCBuildConfiguration;
			buildSettings = {
				INFOPLIST_FILE = LoginPassRegistration/Info.plist;
				LD_RUNPATH_SEARCH_PATHS = "$(inherited) @executable_path/Frameworks";
				PRODUCT_BUNDLE_IDENTIFIER = Alex.LoginPassRegistration;
				PRODUCT_NAME = "$(TARGET_NAME)";
				SWIFT_VERSION = 3.0;
			};
			name = Release;
		};
/* End XCBuildConfiguration section */

/* Begin XCConfigurationList section */
		7F51989D1EE56E2F009D7229 /* Build configuration list for PBXProject "LoginPassRegistration" */ = {
			isa = XCConfigurationList;
			buildConfigurations = (
				7F5198B21EE56E2F009D7229 /* Debug */,
				7F5198B31EE56E2F009D7229 /* Release */,
			);
			defaultConfigurationIsVisible = 0;
			defaultConfigurationName = Release;
		};
		7F5198B41EE56E2F009D7229 /* Build configuration list for PBXNativeTarget "LoginPassRegistration" */ = {
			isa = XCConfigurationList;
			buildConfigurations = (
				7F5198B51EE56E2F009D7229 /* Debug */,
				7F5198B61EE56E2F009D7229 /* Release */,
			);
			defaultConfigurationIsVisible = 0;
			defaultConfigurationName = Release;
		};
/* End XCConfigurationList section */
	};
	rootObject = 7F51989A1EE56E2F009D7229 /* Project object */;
}
